{
    "_meta": {
        "hash": {
            "sha256": "822e0a603efb6b473027e0195ec42b686b0ab628904845671070adbf8d8ab0ca"
        },
        "pipfile-spec": 6,
        "requires": {
            "python_version": "3.7"
        },
        "sources": [
            {
                "name": "pypi",
                "url": "https://pypi.python.org/simple",
                "verify_ssl": true
            }
        ]
    },
    "default": {
        "certifi": {
            "hashes": [
                "sha256:046832c04d4e752f37383b628bc601a7ea7211496b4638f6514d0e5b9acc4939",
                "sha256:945e3ba63a0b9f577b1395204e13c3a231f9bc0223888be653286534e5873695"
            ],
            "index": "pypi",
            "version": "==2019.6.16"
        },
        "chardet": {
            "hashes": [
                "sha256:84ab92ed1c4d4f16916e05906b6b75a6c0fb5db821cc65e70cbd64a3e2a5eaae",
                "sha256:fc323ffcaeaed0e0a02bf4d117757b98aed530d9ed4531e3e15460124c106691"
            ],
            "version": "==3.0.4"
        },
        "coverage": {
            "hashes": [
                "sha256:0c5fe441b9cfdab64719f24e9684502a59432df7570521563d7b1aff27ac755f",
                "sha256:2b412abc4c7d6e019ce7c27cbc229783035eef6d5401695dccba80f481be4eb3",
                "sha256:3684fabf6b87a369017756b551cef29e505cb155ddb892a7a29277b978da88b9",
                "sha256:39e088da9b284f1bd17c750ac672103779f7954ce6125fd4382134ac8d152d74",
                "sha256:3c205bc11cc4fcc57b761c2da73b9b72a59f8d5ca89979afb0c1c6f9e53c7390",
                "sha256:42692db854d13c6c5e9541b6ffe0fe921fe16c9c446358d642ccae1462582d3b",
                "sha256:465ce53a8c0f3a7950dfb836438442f833cf6663d407f37d8c52fe7b6e56d7e8",
                "sha256:48020e343fc40f72a442c8a1334284620f81295256a6b6ca6d8aa1350c763bbe",
                "sha256:4ec30ade438d1711562f3786bea33a9da6107414aed60a5daa974d50a8c2c351",
                "sha256:5296fc86ab612ec12394565c500b412a43b328b3907c0d14358950d06fd83baf",
                "sha256:5f61bed2f7d9b6a9ab935150a6b23d7f84b8055524e7be7715b6513f3328138e",
                "sha256:6899797ac384b239ce1926f3cb86ffc19996f6fa3a1efbb23cb49e0c12d8c18c",
                "sha256:68a43a9f9f83693ce0414d17e019daee7ab3f7113a70c79a3dd4c2f704e4d741",
                "sha256:6b8033d47fe22506856fe450470ccb1d8ba1ffb8463494a15cfc96392a288c09",
                "sha256:7ad7536066b28863e5835e8cfeaa794b7fe352d99a8cded9f43d1161be8e9fbd",
                "sha256:7bacb89ccf4bedb30b277e96e4cc68cd1369ca6841bde7b005191b54d3dd1034",
                "sha256:839dc7c36501254e14331bcb98b27002aa415e4af7ea039d9009409b9d2d5420",
                "sha256:8e679d1bde5e2de4a909efb071f14b472a678b788904440779d2c449c0355b27",
                "sha256:8f9a95b66969cdea53ec992ecea5406c5bd99c9221f539bca1e8406b200ae98c",
                "sha256:932c03d2d565f75961ba1d3cec41ddde00e162c5b46d03f7423edcb807734eab",
                "sha256:93f965415cc51604f571e491f280cff0f5be35895b4eb5e55b47ae90c02a497b",
                "sha256:988529edadc49039d205e0aa6ce049c5ccda4acb2d6c3c5c550c17e8c02c05ba",
                "sha256:998d7e73548fe395eeb294495a04d38942edb66d1fa61eb70418871bc621227e",
                "sha256:9de60893fb447d1e797f6bf08fdf0dbcda0c1e34c1b06c92bd3a363c0ea8c609",
                "sha256:9e80d45d0c7fcee54e22771db7f1b0b126fb4a6c0a2e5afa72f66827207ff2f2",
                "sha256:a545a3dfe5082dc8e8c3eb7f8a2cf4f2870902ff1860bd99b6198cfd1f9d1f49",
                "sha256:a5d8f29e5ec661143621a8f4de51adfb300d7a476224156a39a392254f70687b",
                "sha256:a9abc8c480e103dc05d9b332c6cc9fb1586330356fc14f1aa9c0ca5745097d19",
                "sha256:aca06bfba4759bbdb09bf52ebb15ae20268ee1f6747417837926fae990ebc41d",
                "sha256:bb23b7a6fd666e551a3094ab896a57809e010059540ad20acbeec03a154224ce",
                "sha256:bfd1d0ae7e292105f29d7deaa9d8f2916ed8553ab9d5f39ec65bcf5deadff3f9",
                "sha256:c22ab9f96cbaff05c6a84e20ec856383d27eae09e511d3e6ac4479489195861d",
                "sha256:c62ca0a38958f541a73cf86acdab020c2091631c137bd359c4f5bddde7b75fd4",
                "sha256:c709d8bda72cf4cd348ccec2a4881f2c5848fd72903c185f363d361b2737f773",
                "sha256:c968a6aa7e0b56ecbd28531ddf439c2ec103610d3e2bf3b75b813304f8cb7723",
                "sha256:ca58eba39c68010d7e87a823f22a081b5290e3e3c64714aac3c91481d8b34d22",
                "sha256:df785d8cb80539d0b55fd47183264b7002077859028dfe3070cf6359bf8b2d9c",
                "sha256:f406628ca51e0ae90ae76ea8398677a921b36f0bd71aab2099dfed08abd0322f",
                "sha256:f46087bbd95ebae244a0eda01a618aff11ec7a069b15a3ef8f6b520db523dcf1",
                "sha256:f8019c5279eb32360ca03e9fac40a12667715546eed5c5eb59eb381f2f501260",
                "sha256:fc5f4d209733750afd2714e9109816a29500718b32dd9a5db01c0cb3a019b96a"
            ],
            "index": "pypi",
            "version": "==4.5.3"
        },
        "dj-database-url": {
            "hashes": [
                "sha256:4aeaeb1f573c74835b0686a2b46b85990571159ffc21aa57ecd4d1e1cb334163",
                "sha256:851785365761ebe4994a921b433062309eb882fedd318e1b0fcecc607ed02da9"
            ],
            "version": "==0.5.0"
        },
        "django": {
            "hashes": [
                "sha256:1ee37046b0bf2b61e83b3a01d067323516ec3b6f2b17cd49b1326dd4ba9dc913",
                "sha256:90763c764738586b11d7e1f44828032c153366e43ad7f782908193a1bb2d6d92"
            ],
            "index": "pypi",
            "version": "==2.2.27"
        },
        "django-bower": {
            "hashes": [
                "sha256:3ab5699b782d63d1aa8e5d61f9bdcdb8d29137e7ba6f19d094d566241afee0f2",
                "sha256:f1cf649842c0cb28f8aa28617e99fc7fb7773bac4e8886ee4e36962a38c99a6e"
            ],
            "index": "pypi",
            "version": "==5.2.0"
        },
        "django-debug-toolbar": {
            "hashes": [
                "sha256:17c53cd6bf4e7d69902aedf9a1d26c5d3b7369b54c5718744704f27b5a72f35d",
                "sha256:9a23ada2e43cd989195db3c18710b5d7451134a0d48127ab64c1d2ad81700342"
            ],
            "index": "pypi",
            "version": "==2.0"
        },
        "django-extensions": {
            "hashes": [
                "sha256:097450a56fcfdef36bb4dd731b113d1b3e9a9de715fc8775e5e84ab3be50dd96",
                "sha256:a1799a7eb4cf0f7aa0d111bac79047227b55a74d11741f387708023a012662f9"
            ],
            "index": "pypi",
            "version": "==2.1.9"
        },
        "django-heroku": {
            "hashes": [
                "sha256:2bc690aab89eedbe01311752320a9a12e7548e3b0ed102681acc5736a41a4762",
                "sha256:6af4bc3ae4a9b55eaad6dbe5164918982d2762661aebc9f83d9fa49f6009514e"
            ],
            "index": "pypi",
            "version": "==0.3.1"
        },
        "django-ordered-model": {
            "hashes": [
                "sha256:14aeacca5a4d41de92b89432a7665b6be5ef254e72418cbeb32258348ad05352"
            ],
            "index": "pypi",
            "version": "==3.1.1"
        },
        "django-scheduler": {
            "hashes": [
                "sha256:264dbfe50df1116ea418a37516ae53fa4f07032d153e1481ea5e178e96eea4c3",
                "sha256:7d61c27a13540dc8884cf550cabc212954cf64737d07d5344bcdd6a764b30130"
            ],
            "index": "pypi",
            "version": "==0.8.8"
        },
        "ephem": {
            "hashes": [
                "sha256:095df8ebce8f1d4f9fbcc03f986ff03d17d7d2e092a348bcf70d3c786665f26d",
                "sha256:097c6e89ebc27fabc805e76b4e35282c71772bc97884597ffffcdb41c66642d0",
                "sha256:0dc6e240cacd65820ec39687233d7de1cfd1ff3bf83fd62337831c201cd80d47",
                "sha256:11cfd78f79dbeccb7173cb7c56bc2ae05ecaab06f3eaa56856f823ceac6fbbb1",
                "sha256:12ea07382e6b83d3523031c11bb09b2295efe22baa6720d21330a1abf84f15b9",
                "sha256:14e92281fe852daad9c01b573f09f56a1f2c121172b16028fab8d8790b322fb3",
                "sha256:15172e06381dd49ebbc9bc0987c6fa1f0a36eaac082d28d3a63dd53c5f208d54",
                "sha256:16523b385eaa30dd22b1168934eb0018d7e375a77103ef5897ac6e28b9757de5",
                "sha256:1a2acf37062f16e7d2004734f2a2ebe9913bc6438ef906cf15c775c170371de1",
                "sha256:1cb62859e0b8ea9c4285572a457fdfeffd16345721e97e3320af6b076d0efe32",
                "sha256:24b6935cfacc45edd341fea9d91d23d6308d7170d89c14208a8092e2118124f3",
                "sha256:2b332fdb1e5af07a4389135660baee89de8093e6d527155cfc5c79a60081102d",
                "sha256:36196e8ee79f770493f3aaed4c7ed6d839950371a9199e90cd165d207c252731",
                "sha256:38fb1411e5d9e212b10b952bd3c0bba6c1e1b424d2c22507623cafd1ad5d1678",
                "sha256:3e2de3580e5da21c35842dc904d7dd9469f46d6fd90c7c1159081407c1f7d302",
                "sha256:4404f7c3f9684ede423e22774c28bd105e58c2d11b497ce4a38b33d9173c3c2a",
                "sha256:451ebe0d54a266aacafdfda5ed86e77e94a3fd4d4ebe98cb30c0b8cad3f10119",
                "sha256:4adf44b083367f60aeedb2693aff0598b307321b8f3b20f1e6d7022d0f517a86",
                "sha256:4b0293f478670ba42980b1e2b5d29cc7abea6ac89cfe86467732a988d7a8349b",
                "sha256:4b442afd12eaa44e0b48c1a38b36da52e788fb12ae641fe766afcd63c432944a",
                "sha256:5035680a51ba2531ef6b9c9d35db17f692d0a752cb9ed2d36c6ae2df41db9207",
                "sha256:56d46e37e354b0ff53aa7db6348ffc052b39d1de10958c454d2209f9780f854c",
                "sha256:59af6692282d333011f358dba0aa485f911551a29862e7814f985100cb458f97",
                "sha256:5ab539c12c96397047a64568152393a7b1ef8257d60874826c07e97d71d10366",
                "sha256:63ab03db1050c6f8b8a358c4452f667f7c04719f07ad3583368c80871cbf6fe1",
                "sha256:66b6372ecf711eaec600a665b77c63c7ea405f07c3d17dcb1909837ce38dc697",
                "sha256:6981fcea704bb5a4748bcc081708e35be3a001759ca2bfda4415452cb03796da",
                "sha256:6f42e86df0cae3ca8e1c7c40e9b68da4c6472b22b8e5c8093e7e551077798b17",
                "sha256:716389d59e61199d90d1ab798c920210df3a91786dfe8120bd1e8f1cb94ed58d",
                "sha256:75f46b2356ebaaaf6ffcadd3f91872429397090573313207446ac759a2b6b3f4",
                "sha256:785867b1687332690f457e55b5a7adeb1c6dc4418283cb8821f3099d042916dc",
                "sha256:7cacb482b8332cdb2203ee6c08967d2904f0c15d7a3650c8f5fa21345a9e5d50",
                "sha256:7f93b3b4fb04d8bfe8da8e1610d4a2a0e55d5d6ebc75f570cbe8d0f2af16c8cd",
                "sha256:7fa18685981ba528edd504052a9d5212a09aa5bf15c11a734edc6a86e8a8b56a",
                "sha256:8119a645394d8ba70db330fcd2f21f7c33fd11268792fb58a44a358f9a964741",
                "sha256:8cec1d0b09b201f1ae066703baf7da69eb92bbef40d031e90a4f8b854e25b15d",
                "sha256:930ea6dd158630dead65c5188114c1d9dd50bf751548030c9b1ec87c275aac4e",
                "sha256:998088155eb9262988eea18d31d3e35a4f15b2691f26c8b1c01fae11f7bbd5e0",
                "sha256:9cae55cd50b8a996fc25c2c24ed9755d4ddf5c6adc4215b2887b146db2c83334",
                "sha256:a0c30759ce9d9aeb0ae9895d559cb70dfe2468441976ae2f969a55109991b635",
                "sha256:a76d5328b41f1f44627027adb90a5a094d5d734df2ce8d572a3bcc08662ec27c",
                "sha256:ad727401c249a51d168c8eb21fe689a4a48aff9bd73b30be9b50d96de8b1936d",
                "sha256:b6d850458884baaa8b388c7b16e800b4442e0c5e1c12f70b7e7eb8585e320611",
                "sha256:b704b2a53a216903bd852aa8c91ffeaa2cd854632d7f4bdd49b52f81b3508906",
                "sha256:bba82fe6eb26f69992aab20b410079ea976c926cc27b8708695e2932a152e6d3",
                "sha256:bc3cec17e6dab785c4a8bf3d2b166960009a76f8cba2b85afe97ca9b0e406812",
                "sha256:beabe324957356b1b456301e5e1f7819b20ddf4e60dbf8024d28a1fe75f81508",
                "sha256:c43a4a4b18819c8980e3b0a38754abb16bd6aac7ef2426a489ccd4661a5b0918",
                "sha256:c7120cc6044772d7c8d5d199c95aad6ac0d77fa193d7472c36c5d424471d6ff1",
                "sha256:cf65bfd4753f2aacf5caa1c5b8bcba276b03cb59f13e9f2d9850c93efaf47fa7",
                "sha256:d360b3b06ed691fee6047969391675c994e5f73e64a594a6c493f62e3d98886b",
                "sha256:e5773f39c15c3c5787279a6bccb329366ae61157057aab1d16e4184bb9c03510",
                "sha256:f00626299ba57ca7601095b24f1ca14f13fed4fed96f7bebeb919db836ebe600",
                "sha256:f0bf84810c9a81a23e5640373f3a5028b75a5e3f3c4834de1488664df4bde5f5",
                "sha256:f2e7d52a5cf35c76c2ab5786f4d2001fc8a594c8ac4b343b3be769f4e39fdcb6",
                "sha256:fbf558b4d70991f2a38c80d30b2a0209d0d0b02eed6b1522668f3206e224959a"
            ],
            "version": "==4.1.3"
        },
        "gunicorn": {
            "hashes": [
                "sha256:aa8e0b40b4157b36a5df5e599f45c9c76d6af43845ba3b3b0efe2c70473c2471",
                "sha256:fa2662097c66f920f53f70621c6c58ca4a3c4d3434205e608e121b5b3b71f4f3"
            ],
            "index": "pypi",
            "version": "==19.9.0"
        },
        "icalendar": {
            "hashes": [
                "sha256:cc73fa9c848744843046228cb66ea86cd8c18d73a51b140f7c003f760b84a997",
                "sha256:cf1446ffdf1b6ad469451a8966cfa7694f5fac796ac6fc7cd93e28c51a637d2c"
            ],
            "markers": "python_version >= '2.7' and python_version not in '3.0, 3.1, 3.2, 3.3'",
            "version": "==4.0.9"
        },
        "idna": {
            "hashes": [
                "sha256:c357b3f628cf53ae2c4c05627ecc484553142ca23264e593d327bcde5e9c3407",
                "sha256:ea8b7f6188e6fa117537c3df7da9fc686d485087abf6ac197f9c46432f7e4a3c"
            ],
            "version": "==2.8"
        },
        "lunardate": {
            "hashes": [
                "sha256:5619d625809ebcaa673c4e321cd1ea82e649e9bb47e42e6479fe15bbc2b5bffe",
                "sha256:6c9c96d9f01522a10ab35df1a9b48707ae64a086f13fd34498b43f465918cc6f",
                "sha256:838e84b95d185a12f8bd0c5bdd74864be52d55436bed56927fdc91f4d21ad6b6",
                "sha256:dd7d7c7a61dbb843662eb8b04da2f0c8bb1e9e2c1dd8acced6ebcb21151eb19c",
                "sha256:f0bb5938d7c7f363a26f599a3c27b7f5560edd8b689ef3c5865ec401dfc7ed88"
            ],
            "version": "==0.2.0"
        },
        "pip": {
            "hashes": [
                "sha256:c146f331f0805c77017c6bb9740cec4a49a0d4582d0c3cc8244b057f83eca359",
                "sha256:f29d589df8c8ab99c060e68ad294c4a9ed896624f6368c5349d70aa581b333d0"
            ],
            "markers": "python_version >= '3.7'",
            "version": "==22.0.3"
        },
        "pipenv": {
            "hashes": [
                "sha256:56ad5f5cb48f1e58878e14525a6e3129d4306049cb76d2f6a3e95df0d5fc6330",
                "sha256:7df8e33a2387de6f537836f48ac6fcd94eda6ed9ba3d5e3fd52e35b5bc7ff49e",
                "sha256:a673e606e8452185e9817a987572b55360f4d28b50831ef3b42ac3cab3fee846"
            ],
            "index": "pypi",
            "version": "==2018.11.26"
        },
        "psycopg2": {
            "hashes": [
                "sha256:06f32425949bd5fe8f625c49f17ebb9784e1e4fe928b7cce72edc36fb68e4c0c",
                "sha256:0762c27d018edbcb2d34d51596e4346c983bd27c330218c56c4dc25ef7e819bf",
                "sha256:083707a696e5e1c330af2508d8fab36f9700b26621ccbcb538abe22e15485362",
                "sha256:34b33e0162cfcaad151f249c2649fd1030010c16f4bbc40a604c1cb77173dcf7",
                "sha256:4295093a6ae3434d33ec6baab4ca5512a5082cc43c0505293087b8a46d108461",
                "sha256:8cf3878353cc04b053822896bc4922b194792df9df2f1ad8da01fb3043602126",
                "sha256:8e841d1bf3434da985cc5ef13e6f75c8981ced601fd70cc6bf33351b91562981",
                "sha256:9572e08b50aed176ef6d66f15a21d823bb6f6d23152d35e8451d7d2d18fdac56",
                "sha256:a81e3866f99382dfe8c15a151f1ca5fde5815fde879348fe5a9884a7c092a305",
                "sha256:cb10d44e6694d763fa1078a26f7f6137d69f555a78ec85dc2ef716c37447e4b2",
                "sha256:d3ca6421b942f60c008f81a3541e8faf6865a28d5a9b48544b0ee4f40cac7fca"
            ],
            "markers": "python_version >= '3.6'",
            "version": "==2.9.3"
        },
        "psycopg2-binary": {
            "hashes": [
                "sha256:080c72714784989474f97be9ab0ddf7b2ad2984527e77f2909fcd04d4df53809",
                "sha256:110457be80b63ff4915febb06faa7be002b93a76e5ba19bf3f27636a2ef58598",
                "sha256:171352a03b22fc099f15103959b52ee77d9a27e028895d7e5fde127aa8e3bac5",
                "sha256:19d013e7b0817087517a4b3cab39c084d78898369e5c46258aab7be4f233d6a1",
                "sha256:249b6b21ae4eb0f7b8423b330aa80fab5f821b9ffc3f7561a5e2fd6bb142cf5d",
                "sha256:2ac0731d2d84b05c7bb39e85b7e123c3a0acd4cda631d8d542802c88deb9e87e",
                "sha256:2b6d561193f0dc3f50acfb22dd52ea8c8dfbc64bcafe3938b5f209cc17cb6f00",
                "sha256:2bd23e242e954214944481124755cbefe7c2cf563b1a54cd8d196d502f2578bf",
                "sha256:3e1239242ca60b3725e65ab2f13765fc199b03af9eaf1b5572f0e97bdcee5b43",
                "sha256:3eb70bb697abbe86b1d2b1316370c02ba320bfd1e9e35cf3b9566a855ea8e4e5",
                "sha256:51a2fc7e94b98bd1bb5d4570936f24fc2b0541b63eccadf8fdea266db8ad2f70",
                "sha256:52f1bdafdc764b7447e393ed39bb263eccb12bfda25a4ac06d82e3a9056251f6",
                "sha256:5b3581319a3951f1e866f4f6c5e42023db0fae0284273b82e97dfd32c51985cd",
                "sha256:63c1b66e3b2a3a336288e4bcec499e0dc310cd1dceaed1c46fa7419764c68877",
                "sha256:8123a99f24ecee469e5c1339427bcdb2a33920a18bb5c0d58b7c13f3b0298ba3",
                "sha256:85e699fcabe7f817c0f0a412d4e7c6627e00c412b418da7666ff353f38e30f67",
                "sha256:8dbff4557bbef963697583366400822387cccf794ccb001f1f2307ed21854c68",
                "sha256:908d21d08d6b81f1b7e056bbf40b2f77f8c499ab29e64ec5113052819ef1c89b",
                "sha256:af39d0237b17d0a5a5f638e9dffb34013ce2b1d41441fd30283e42b22d16858a",
                "sha256:af51bb9f055a3f4af0187149a8f60c9d516cf7d5565b3dac53358796a8fb2a5b",
                "sha256:b2ecac57eb49e461e86c092761e6b8e1fd9654dbaaddf71a076dcc869f7014e2",
                "sha256:cd37cc170678a4609becb26b53a2bc1edea65177be70c48dd7b39a1149cabd6e",
                "sha256:d17e3054b17e1a6cb8c1140f76310f6ede811e75b7a9d461922d2c72973f583e",
                "sha256:d305313c5a9695f40c46294d4315ed3a07c7d2b55e48a9010dad7db7a66c8b7f",
                "sha256:dd0ef0eb1f7dd18a3f4187226e226a7284bda6af5671937a221766e6ef1ee88f",
                "sha256:e1adff53b56db9905db48a972fb89370ad5736e0450b96f91bcf99cadd96cfd7",
                "sha256:f0d43828003c82dbc9269de87aa449e9896077a71954fbbb10a614c017e65737",
                "sha256:f78e8b487de4d92640105c1389e5b90be3496b1d75c90a666edd8737cc2dbab7"
            ],
            "index": "pypi",
            "version": "==2.8.3"
        },
        "pycalverter": {
            "hashes": [
                "sha256:91e26c5d06dfe1495e5b946a724ae691e57ea634ee4a9529a7952b837c041111"
            ],
            "version": "==1.6.1"
        },
        "pyluach": {
            "hashes": [
                "sha256:43977d47c86695d66789f3d24c411c4d110363f760331136009e43ac9af61b1e",
                "sha256:9cf95eaa600cc904d1adb015036ab135e0d732ca2a30253db92b676ee3415dea"
            ],
            "markers": "python_version >= '3.4'",
            "version": "==1.3.0"
        },
        "python-dateutil": {
            "hashes": [
                "sha256:0123cacc1627ae19ddf3c27a5de5bd67ee4586fbdd6440d9748f8abb483d3e86",
                "sha256:961d03dc3453ebbc59dbdea9e4e11c5651520a876d0f4db161e8674aae935da9"
            ],
            "markers": "python_version >= '2.7' and python_version not in '3.0, 3.1, 3.2, 3.3'",
            "version": "==2.8.2"
        },
        "pytz": {
            "hashes": [
                "sha256:303879e36b721603cc54604edcac9d20401bdbe31e1e4fdee5b9f98d5d31dfda",
                "sha256:d747dd3d23d77ef44c6a3526e274af6efeb0a6f1afd5a69ba4d5be4098c8e141"
            ],
            "index": "pypi",
            "version": "==2019.1"
        },
        "requests": {
            "hashes": [
                "sha256:11e007a8a2aa0323f5a921e9e6a2d7e4e67d9877e85773fba9ba6419025cbeb4",
                "sha256:9cf5292fcd0f598c671cfc1e0d7d1a7f13bb8085e9a590f48c010551dc6c4b31"
            ],
            "index": "pypi",
            "version": "==2.22.0"
        },
        "setuptools": {
            "hashes": [
                "sha256:43a5575eea6d3459789316e1596a3d2a0d215260cacf4189508112f35c9a145b",
                "sha256:66b8598da112b8dc8cd941d54cf63ef91d3b50657b374457eda5851f3ff6a899"
            ],
            "markers": "python_version >= '3.7'",
            "version": "==60.8.2"
        },
        "six": {
            "hashes": [
                "sha256:1e61c37477a1626458e36f7b1d82aa5c9b094fa4802892072e49de9c60c4c926",
                "sha256:8abb2f1d86890a2dfb989f9a77cfcfd3e47c2a354b01111771326f8aa26e0254"
            ],
            "markers": "python_version >= '2.7' and python_version not in '3.0, 3.1, 3.2, 3.3'",
            "version": "==1.16.0"
        },
        "sqlparse": {
            "hashes": [
                "sha256:0c00730c74263a94e5a9919ade150dfc3b19c574389985446148402998287dae",
                "sha256:48719e356bb8b42991bdbb1e8b83223757b93789c00910a616a071910ca4a64d"
            ],
            "markers": "python_version >= '3.5'",
            "version": "==0.4.2"
        },
        "urllib3": {
            "hashes": [
                "sha256:8d7eaa5a82a1cac232164990f04874c594c9453ec55eef02eab885aa02fc17a2",
                "sha256:f5321fbe4bf3fefa0efd0bfe7fb14e90909eb62a48ccda331726b4319897dd5e"
            ],
            "markers": "python_version >= '2.7' and python_version not in '3.0, 3.1, 3.2, 3.3, 3.4' and python_version < '4'",
            "version": "==1.25.11"
        },
        "virtualenv": {
            "hashes": [
                "sha256:b7335cddd9260a3dd214b73a2521ffc09647bde3e9457fcca31dc3be3999d04a",
                "sha256:d28ca64c0f3f125f59cabf13e0a150e1c68e5eea60983cc4395d88c584495783"
            ],
            "index": "pypi",
            "version": "==16.6.1"
        },
        "virtualenv-clone": {
            "hashes": [
                "sha256:532f789a5c88adf339506e3ca03326f20ee82fd08ee5586b44dc859b5b4468c5",
                "sha256:c88ae171a11b087ea2513f260cdac9232461d8e9369bcd1dc143fc399d220557"
            ],
            "index": "pypi",
            "version": "==0.5.3"
        },
        "whitenoise": {
            "hashes": [
                "sha256:118ab3e5f815d380171b100b05b76de2a07612f422368a201a9ffdeefb2251c1",
                "sha256:42133ddd5229eeb6a0c9899496bdbe56c292394bf8666da77deeb27454c0456a"
            ],
            "index": "pypi",
            "version": "==4.1.2"
        },
        "workalendar": {
            "hashes": [
                "sha256:a184740d9a97a80d16dd6669c1681a5f885203f36a7aaf18f04c36e2c47ba5fb",
                "sha256:bb941f4073930ed378a25bb00a2e30028574b62f907f65512ae87efcc77f3517"
            ],
            "index": "pypi",
            "version": "==5.1.1"
        }
    },
    "develop": {}
}
